
Microsoft Visual Studio Solution File, Format Version 12.00
# Visual Studio Version 17
VisualStudioVersion = 17.1.32228.430
MinimumVisualStudioVersion = 10.0.40219.1
Project("{FAE04EC0-301F-11D3-BF4B-00C04F79EFBC}") = "CompGraphLab3", "CompGraphLab3\CompGraphLab3.csproj", "{5D4EF3A7-D469-44C6-AA99-959A08548FBC}"
EndProject
Global
	GlobalSection(SolutionConfigurationPlatforms) = preSolution
		Debug|Any CPU = Debug|Any CPU
		Release|Any CPU = Release|Any CPU
	EndGlobalSection
	GlobalSection(ProjectConfigurationPlatforms) = postSolution
		{5D4EF3A7-D469-44C6-AA99-959A08548FBC}.Debug|Any CPU.ActiveCfg = Debug|Any CPU
		{5D4EF3A7-D469-44C6-AA99-959A08548FBC}.Debug|Any CPU.Build.0 = Debug|Any CPU
		{5D4EF3A7-D469-44C6-AA99-959A08548FBC}.Release|Any CPU.ActiveCfg = Release|Any CPU
		{5D4EF3A7-D469-44C6-AA99-959A08548FBC}.Release|Any CPU.Build.0 = Release|Any CPU
	EndGlobalSection
	GlobalSection(SolutionProperties) = preSolution
		HideSolutionNode = FALSE
	EndGlobalSection
	GlobalSection(ExtensibilityGlobals) = postSolution
		SolutionGuid = {63640958-BA50-4B3B-9530-29CC00A0B921}
	EndGlobalSection
EndGlobal
